
Microsoft Visual Studio Solution File, Format Version 12.00
# Visual Studio Version 17
VisualStudioVersion = 17.6.33829.357
MinimumVisualStudioVersion = 10.0.40219.1
Project("{9A19103F-16F7-4668-BE54-9A1E7A4F7556}") = "Projet", "Projet\Projet.csproj", "{1F17FF68-DC16-4F5C-B16E-7B2C9C04066C}"
EndProject
Project("{9A19103F-16F7-4668-BE54-9A1E7A4F7556}") = "appTrombinoscope", "appTrombinoscope\appTrombinoscope.csproj", "{DCBAAC5B-94B3-49EC-8F86-772B5C1602C2}"
EndProject
Global
	GlobalSection(SolutionConfigurationPlatforms) = preSolution
		Debug|Any CPU = Debug|Any CPU
		Release|Any CPU = Release|Any CPU
	EndGlobalSection
	GlobalSection(ProjectConfigurationPlatforms) = postSolution
		{1F17FF68-DC16-4F5C-B16E-7B2C9C04066C}.Debug|Any CPU.ActiveCfg = Debug|Any CPU
		{1F17FF68-DC16-4F5C-B16E-7B2C9C04066C}.Debug|Any CPU.Build.0 = Debug|Any CPU
		{1F17FF68-DC16-4F5C-B16E-7B2C9C04066C}.Release|Any CPU.ActiveCfg = Release|Any CPU
		{1F17FF68-DC16-4F5C-B16E-7B2C9C04066C}.Release|Any CPU.Build.0 = Release|Any CPU
		{DCBAAC5B-94B3-49EC-8F86-772B5C1602C2}.Debug|Any CPU.ActiveCfg = Debug|Any CPU
		{DCBAAC5B-94B3-49EC-8F86-772B5C1602C2}.Debug|Any CPU.Build.0 = Debug|Any CPU
		{DCBAAC5B-94B3-49EC-8F86-772B5C1602C2}.Release|Any CPU.ActiveCfg = Release|Any CPU
		{DCBAAC5B-94B3-49EC-8F86-772B5C1602C2}.Release|Any CPU.Build.0 = Release|Any CPU
	EndGlobalSection
	GlobalSection(SolutionProperties) = preSolution
		HideSolutionNode = FALSE
	EndGlobalSection
	GlobalSection(ExtensibilityGlobals) = postSolution
		SolutionGuid = {B8AE249C-8EA6-485D-AA60-E42FCA98448A}
	EndGlobalSection
EndGlobal
